
Microsoft Visual Studio Solution File, Format Version 12.00
# Visual Studio Version 17
VisualStudioVersion = 17.8.34525.116
MinimumVisualStudioVersion = 10.0.40219.1
Project("{FAE04EC0-301F-11D3-BF4B-00C04F79EFBC}") = "Grocery", "Grocery\Grocery.csproj", "{37B561BB-A231-45B6-8027-97347062C9AB}"
EndProject
Global
	GlobalSection(SolutionConfigurationPlatforms) = preSolution
		Debug|Any CPU = Debug|Any CPU
		Release|Any CPU = Release|Any CPU
	EndGlobalSection
	GlobalSection(ProjectConfigurationPlatforms) = postSolution
		{37B561BB-A231-45B6-8027-97347062C9AB}.Debug|Any CPU.ActiveCfg = Debug|Any CPU
		{37B561BB-A231-45B6-8027-97347062C9AB}.Debug|Any CPU.Build.0 = Debug|Any CPU
		{37B561BB-A231-45B6-8027-97347062C9AB}.Release|Any CPU.ActiveCfg = Release|Any CPU
		{37B561BB-A231-45B6-8027-97347062C9AB}.Release|Any CPU.Build.0 = Release|Any CPU
	EndGlobalSection
	GlobalSection(SolutionProperties) = preSolution
		HideSolutionNode = FALSE
	EndGlobalSection
	GlobalSection(ExtensibilityGlobals) = postSolution
		SolutionGuid = {BA863C34-CB67-4627-9E71-CF8570C1838E}
	EndGlobalSection
EndGlobal
